// !$*UTF8*$!
{
	archiveVersion = 1;
	classes = {
	};
	objectVersion = 46;
	objects = {

/* Begin PBXBuildFile section */
		AD953CAD15BE66180090A2C3 /* Cocoa.framework in Frameworks */ = {isa = PBXBuildFile; fileRef = AD953CAC15BE66180090A2C3 /* Cocoa.framework */; };
		AD953CB715BE66190090A2C3 /* InfoPlist.strings in Resources */ = {isa = PBXBuildFile; fileRef = AD953CB515BE66190090A2C3 /* InfoPlist.strings */; };
		AD953CB915BE66190090A2C3 /* main.m in Sources */ = {isa = PBXBuildFile; fileRef = AD953CB815BE66190090A2C3 /* main.m */; };
		AD953CBD15BE66190090A2C3 /* Credits.rtf in Resources */ = {isa = PBXBuildFile; fileRef = AD953CBB15BE66190090A2C3 /* Credits.rtf */; };
		AD953CC015BE661A0090A2C3 /* FAAppDelegate.m in Sources */ = {isa = PBXBuildFile; fileRef = AD953CBF15BE661A0090A2C3 /* FAAppDelegate.m */; };
		AD953CC315BE661B0090A2C3 /* MainMenu.xib in Resources */ = {isa = PBXBuildFile; fileRef = AD953CC115BE661B0090A2C3 /* MainMenu.xib */; };
		AD953CCB15BE661B0090A2C3 /* SenTestingKit.framework in Frameworks */ = {isa = PBXBuildFile; fileRef = AD953CCA15BE661B0090A2C3 /* SenTestingKit.framework */; };
		AD953CCC15BE661B0090A2C3 /* Cocoa.framework in Frameworks */ = {isa = PBXBuildFile; fileRef = AD953CAC15BE66180090A2C3 /* Cocoa.framework */; };
		AD953CD415BE661C0090A2C3 /* InfoPlist.strings in Resources */ = {isa = PBXBuildFile; fileRef = AD953CD215BE661C0090A2C3 /* InfoPlist.strings */; };
		AD953CD715BE661D0090A2C3 /* First_AppTests.m in Sources */ = {isa = PBXBuildFile; fileRef = AD953CD615BE661D0090A2C3 /* First_AppTests.m */; };
/* End PBXBuildFile section */

/* Begin PBXContainerItemProxy section */
		AD953CCD15BE661B0090A2C3 /* PBXContainerItemProxy */ = {
			isa = PBXContainerItemProxy;
			containerPortal = AD953C9F15BE66160090A2C3 /* Project object */;
			proxyType = 1;
			remoteGlobalIDString = AD953CA715BE66170090A2C3;
			remoteInfo = "First App";
		};
/* End PBXContainerItemProxy section */

/* Begin PBXFileReference section */
		AD953CA815BE66180090A2C3 /* First App.app */ = {isa = PBXFileReference; explicitFileType = wrapper.application; includeInIndex = 0; path = "First App.app"; sourceTree = BUILT_PRODUCTS_DIR; };
		AD953CAC15BE66180090A2C3 /* Cocoa.framework */ = {isa = PBXFileReference; lastKnownFileType = wrapper.framework; name = Cocoa.framework; path = System/Library/Frameworks/Cocoa.framework; sourceTree = SDKROOT; };
		AD953CAF15BE66180090A2C3 /* AppKit.framework */ = {isa = PBXFileReference; lastKnownFileType = wrapper.framework; name = AppKit.framework; path = System/Library/Frameworks/AppKit.framework; sourceTree = SDKROOT; };
		AD953CB015BE66180090A2C3 /* CoreData.framework */ = {isa = PBXFileReference; lastKnownFileType = wrapper.framework; name = CoreData.framework; path = System/Library/Frameworks/CoreData.framework; sourceTree = SDKROOT; };
		AD953CB115BE66180090A2C3 /* Foundation.framework */ = {isa = PBXFileReference; lastKnownFileType = wrapper.framework; name = Foundation.framework; path = System/Library/Frameworks/Foundation.framework; sourceTree = SDKROOT; };
		AD953CB415BE66190090A2C3 /* First App-Info.plist */ = {isa = PBXFileReference; path = "First App-Info.plist"; sourceTree = "<group>"; };
		AD953CB615BE66190090A2C3 /* en */ = {isa = PBXFileReference; lastKnownFileType = text.plist.strings; name = en; path = en.lproj/InfoPlist.strings; sourceTree = "<group>"; };
		AD953CB815BE66190090A2C3 /* main.m */ = {isa = PBXFileReference; lastKnownFileType = sourcecode.c.objc; path = main.m; sourceTree = "<group>"; };
		AD953CBA15BE66190090A2C3 /* First App-Prefix.pch */ = {isa = PBXFileReference; path = "First App-Prefix.pch"; sourceTree = "<group>"; };
		AD953CBC15BE66190090A2C3 /* en */ = {isa = PBXFileReference; lastKnownFileType = text.rtf; name = en; path = en.lproj/Credits.rtf; sourceTree = "<group>"; };
		AD953CBE15BE661A0090A2C3 /* FAAppDelegate.h */ = {isa = PBXFileReference; path = FAAppDelegate.h; sourceTree = "<group>"; };
		AD953CBF15BE661A0090A2C3 /* FAAppDelegate.m */ = {isa = PBXFileReference; lastKnownFileType = sourcecode.c.objc; path = FAAppDelegate.m; sourceTree = "<group>"; };
		AD953CC215BE661B0090A2C3 /* en */ = {isa = PBXFileReference; lastKnownFileType = file.xib; name = en; path = en.lproj/MainMenu.xib; sourceTree = "<group>"; };
		AD953CC915BE661B0090A2C3 /* First AppTests.octest */ = {isa = PBXFileReference; explicitFileType = wrapper.cfbundle; includeInIndex = 0; path = "First AppTests.octest"; sourceTree = BUILT_PRODUCTS_DIR; };
		AD953CCA15BE661B0090A2C3 /* SenTestingKit.framework */ = {isa = PBXFileReference; lastKnownFileType = wrapper.framework; name = SenTestingKit.framework; path = Library/Frameworks/SenTestingKit.framework; sourceTree = DEVELOPER_DIR; };
		AD953CD115BE661C0090A2C3 /* First AppTests-Info.plist */ = {isa = PBXFileReference; path = "First AppTests-Info.plist"; sourceTree = "<group>"; };
		AD953CD315BE661C0090A2C3 /* en */ = {isa = PBXFileReference; lastKnownFileType = text.plist.strings; name = en; path = en.lproj/InfoPlist.strings; sourceTree = "<group>"; };
		AD953CD515BE661C0090A2C3 /* First_AppTests.h */ = {isa = PBXFileReference; path = First_AppTests.h; sourceTree = "<group>"; };
		AD953CD615BE661D0090A2C3 /* First_AppTests.m */ = {isa = PBXFileReference; lastKnownFileType = sourcecode.c.objc; path = First_AppTests.m; sourceTree = "<group>"; };
/* End PBXFileReference section */

/* Begin PBXFrameworksBuildPhase section */
		AD953CA515BE66170090A2C3 /* Frameworks */ = {
			isa = PBXFrameworksBuildPhase;
			buildActionMask = 2147483647;
			files = (
				AD953CAD15BE66180090A2C3 /* Cocoa.framework in Frameworks */,
			);
			runOnlyForDeploymentPostprocessing = 0;
		};
		AD953CC515BE661B0090A2C3 /* Frameworks */ = {
			isa = PBXFrameworksBuildPhase;
			buildActionMask = 2147483647;
			files = (
				AD953CCB15BE661B0090A2C3 /* SenTestingKit.framework in Frameworks */,
				AD953CCC15BE661B0090A2C3 /* Cocoa.framework in Frameworks */,
			);
			runOnlyForDeploymentPostprocessing = 0;
		};
/* End PBXFrameworksBuildPhase section */

/* Begin PBXGroup section */
		AD953C9D15BE66150090A2C3 = {
			isa = PBXGroup;
			children = (
				AD953CB215BE66180090A2C3 /* First App */,
				AD953CCF15BE661B0090A2C3 /* First AppTests */,
				AD953CAB15BE66180090A2C3 /* Frameworks */,
				AD953CA915BE66180090A2C3 /* Products */,
			);
			sourceTree = "<group>";
		};
		AD953CA915BE66180090A2C3 /* Products */ = {
			isa = PBXGroup;
			children = (
				AD953CA815BE66180090A2C3 /* First App.app */,
				AD953CC915BE661B0090A2C3 /* First AppTests.octest */,
			);
			name = Products;
			sourceTree = "<group>";
		};
		AD953CAB15BE66180090A2C3 /* Frameworks */ = {
			isa = PBXGroup;
			children = (
				AD953CAC15BE66180090A2C3 /* Cocoa.framework */,
				AD953CCA15BE661B0090A2C3 /* SenTestingKit.framework */,
				AD953CAE15BE66180090A2C3 /* Other Frameworks */,
			);
			name = Frameworks;
			sourceTree = "<group>";
		};
		AD953CAE15BE66180090A2C3 /* Other Frameworks */ = {
			isa = PBXGroup;
			children = (
				AD953CAF15BE66180090A2C3 /* AppKit.framework */,
				AD953CB015BE66180090A2C3 /* CoreData.framework */,
				AD953CB115BE66180090A2C3 /* Foundation.framework */,
			);
			name = "Other Frameworks";
			sourceTree = "<group>";
		};
		AD953CB215BE66180090A2C3 /* First App */ = {
			isa = PBXGroup;
			children = (
				AD953CBE15BE661A0090A2C3 /* FAAppDelegate.h */,
				AD953CBF15BE661A0090A2C3 /* FAAppDelegate.m */,
				AD953CC115BE661B0090A2C3 /* MainMenu.xib */,
				AD953CB315BE66190090A2C3 /* Supporting Files */,
			);
			path = "First App";
			sourceTree = "<group>";
		};
		AD953CB315BE66190090A2C3 /* Supporting Files */ = {
			isa = PBXGroup;
			children = (
				AD953CB415BE66190090A2C3 /* First App-Info.plist */,
				AD953CB515BE66190090A2C3 /* InfoPlist.strings */,
				AD953CB815BE66190090A2C3 /* main.m */,
				AD953CBA15BE66190090A2C3 /* First App-Prefix.pch */,
				AD953CBB15BE66190090A2C3 /* Credits.rtf */,
			);
			name = "Supporting Files";
			sourceTree = "<group>";
		};
		AD953CCF15BE661B0090A2C3 /* First AppTests */ = {
			isa = PBXGroup;
			children = (
				AD953CD515BE661C0090A2C3 /* First_AppTests.h */,
				AD953CD615BE661D0090A2C3 /* First_AppTests.m */,
				AD953CD015BE661C0090A2C3 /* Supporting Files */,
			);
			path = "First AppTests";
			sourceTree = "<group>";
		};
		AD953CD015BE661C0090A2C3 /* Supporting Files */ = {
			isa = PBXGroup;
			children = (
				AD953CD115BE661C0090A2C3 /* First AppTests-Info.plist */,
				AD953CD215BE661C0090A2C3 /* InfoPlist.strings */,
			);
			name = "Supporting Files";
			sourceTree = "<group>";
		};
/* End PBXGroup section */

/* Begin PBXNativeTarget section */
		AD953CA715BE66170090A2C3 /* First App */ = {
			isa = PBXNativeTarget;
			buildConfigurationList = AD953CDA15BE661D0090A2C3 /* Build configuration list for PBXNativeTarget "First App" */;
			buildPhases = (
				AD953CA415BE66170090A2C3 /* Sources */,
				AD953CA515BE66170090A2C3 /* Frameworks */,
				AD953CA615BE66170090A2C3 /* Resources */,
			);
			buildRules = (
			);
			dependencies = (
			);
			name = "First App";
			productName = "First App";
			productReference = AD953CA815BE66180090A2C3 /* First App.app */;
			productType = "com.apple.product-type.application";
		};
		AD953CC815BE661B0090A2C3 /* First AppTests */ = {
			isa = PBXNativeTarget;
			buildConfigurationList = AD953CDD15BE661D0090A2C3 /* Build configuration list for PBXNativeTarget "First AppTests" */;
			buildPhases = (
				AD953CC415BE661B0090A2C3 /* Sources */,
				AD953CC515BE661B0090A2C3 /* Frameworks */,
				AD953CC615BE661B0090A2C3 /* Resources */,
				AD953CC715BE661B0090A2C3 /* ShellScript */,
			);
			buildRules = (
			);
			dependencies = (
				AD953CCE15BE661B0090A2C3 /* PBXTargetDependency */,
			);
			name = "First AppTests";
			productName = "First AppTests";
			productReference = AD953CC915BE661B0090A2C3 /* First AppTests.octest */;
			productType = "com.apple.product-type.bundle";
		};
/* End PBXNativeTarget section */

/* Begin PBXProject section */
		AD953C9F15BE66160090A2C3 /* Project object */ = {
			isa = PBXProject;
			attributes = {
				CLASSPREFIX = FA;
				LastUpgradeCheck = 0430;
			};
			buildConfigurationList = AD953CA215BE66160090A2C3 /* Build configuration list for PBXProject "First App" */;
			compatibilityVersion = "Xcode 3.2";
			developmentRegion = English;
			hasScannedForEncodings = 0;
			knownRegions = (
				en,
			);
			mainGroup = AD953C9D15BE66150090A2C3;
			productRefGroup = AD953CA915BE66180090A2C3 /* Products */;
			projectDirPath = "";
			projectRoot = "";
			targets = (
				AD953CA715BE66170090A2C3 /* First App */,
				AD953CC815BE661B0090A2C3 /* First AppTests */,
			);
		};
/* End PBXProject section */

/* Begin PBXResourcesBuildPhase section */
		AD953CA615BE66170090A2C3 /* Resources */ = {
			isa = PBXResourcesBuildPhase;
			buildActionMask = 2147483647;
			files = (
				AD953CB715BE66190090A2C3 /* InfoPlist.strings in Resources */,
				AD953CBD15BE66190090A2C3 /* Credits.rtf in Resources */,
				AD953CC315BE661B0090A2C3 /* MainMenu.xib in Resources */,
			);
			runOnlyForDeploymentPostprocessing = 0;
		};
		AD953CC615BE661B0090A2C3 /* Resources */ = {
			isa = PBXResourcesBuildPhase;
			buildActionMask = 2147483647;
			files = (
				AD953CD415BE661C0090A2C3 /* InfoPlist.strings in Resources */,
			);
			runOnlyForDeploymentPostprocessing = 0;
		};
/* End PBXResourcesBuildPhase section */

/* Begin PBXShellScriptBuildPhase section */
		AD953CC715BE661B0090A2C3 /* ShellScript */ = {
			isa = PBXShellScriptBuildPhase;
			buildActionMask = 2147483647;
			files = (
			);
			inputPaths = (
			);
			outputPaths = (
			);
			runOnlyForDeploymentPostprocessing = 0;
			shellPath = /bin/sh;
			shellScript = "# Run the unit tests in this test bundle.\n\"${SYSTEM_DEVELOPER_DIR}/Tools/RunUnitTests\"\n";
		};
/* End PBXShellScriptBuildPhase section */

/* Begin PBXSourcesBuildPhase section */
		AD953CA415BE66170090A2C3 /* Sources */ = {
			isa = PBXSourcesBuildPhase;
			buildActionMask = 2147483647;
			files = (
				AD953CB915BE66190090A2C3 /* main.m in Sources */,
				AD953CC015BE661A0090A2C3 /* FAAppDelegate.m in Sources */,
			);
			runOnlyForDeploymentPostprocessing = 0;
		};
		AD953CC415BE661B0090A2C3 /* Sources */ = {
			isa = PBXSourcesBuildPhase;
			buildActionMask = 2147483647;
			files = (
				AD953CD715BE661D0090A2C3 /* First_AppTests.m in Sources */,
			);
			runOnlyForDeploymentPostprocessing = 0;
		};
/* End PBXSourcesBuildPhase section */

/* Begin PBXTargetDependency section */
		AD953CCE15BE661B0090A2C3 /* PBXTargetDependency */ = {
			isa = PBXTargetDependency;
			target = AD953CA715BE66170090A2C3 /* First App */;
			targetProxy = AD953CCD15BE661B0090A2C3 /* PBXContainerItemProxy */;
		};
/* End PBXTargetDependency section */

/* Begin PBXVariantGroup section */
		AD953CB515BE66190090A2C3 /* InfoPlist.strings */ = {
			isa = PBXVariantGroup;
			children = (
				AD953CB615BE66190090A2C3 /* en */,
			);
			name = InfoPlist.strings;
			sourceTree = "<group>";
		};
		AD953CBB15BE66190090A2C3 /* Credits.rtf */ = {
			isa = PBXVariantGroup;
			children = (
				AD953CBC15BE66190090A2C3 /* en */,
			);
			name = Credits.rtf;
			sourceTree = "<group>";
		};
		AD953CC115BE661B0090A2C3 /* MainMenu.xib */ = {
			isa = PBXVariantGroup;
			children = (
				AD953CC215BE661B0090A2C3 /* en */,
			);
			name = MainMenu.xib;
			sourceTree = "<group>";
		};
		AD953CD215BE661C0090A2C3 /* InfoPlist.strings */ = {
			isa = PBXVariantGroup;
			children = (
				AD953CD315BE661C0090A2C3 /* en */,
			);
			name = InfoPlist.strings;
			sourceTree = "<group>";
		};
/* End PBXVariantGroup section */

/* Begin XCBuildConfiguration section */
		AD953CD815BE661D0090A2C3 /* Debug */ = {
			isa = XCBuildConfiguration;
			buildSettings = {
				ALWAYS_SEARCH_USER_PATHS = NO;
				ARCHS = "$(ARCHS_STANDARD_64_BIT)";
				CLANG_ENABLE_OBJC_ARC = YES;
				COPY_PHASE_STRIP = NO;
				GCC_C_LANGUAGE_STANDARD = gnu99;
				GCC_DYNAMIC_NO_PIC = NO;
				GCC_ENABLE_OBJC_EXCEPTIONS = YES;
				GCC_OPTIMIZATION_LEVEL = 0;
				GCC_PREPROCESSOR_DEFINITIONS = (
					"DEBUG=1",
					"$(inherited)",
				);
				GCC_SYMBOLS_PRIVATE_EXTERN = NO;
				GCC_VERSION = com.apple.compilers.llvm.clang.1_0;
				GCC_WARN_64_TO_32_BIT_CONVERSION = YES;
				GCC_WARN_ABOUT_RETURN_TYPE = YES;
				GCC_WARN_UNINITIALIZED_AUTOS = YES;
				GCC_WARN_UNUSED_VARIABLE = YES;
				MACOSX_DEPLOYMENT_TARGET = 10.7;
				ONLY_ACTIVE_ARCH = YES;
				SDKROOT = macosx;
			};
			name = Debug;
		};
		AD953CD915BE661D0090A2C3 /* Release */ = {
			isa = XCBuildConfiguration;
			buildSettings = {
				ALWAYS_SEARCH_USER_PATHS = NO;
				ARCHS = "$(ARCHS_STANDARD_64_BIT)";
				CLANG_ENABLE_OBJC_ARC = YES;
				COPY_PHASE_STRIP = YES;
				DEBUG_INFORMATION_FORMAT = "dwarf-with-dsym";
				GCC_C_LANGUAGE_STANDARD = gnu99;
				GCC_ENABLE_OBJC_EXCEPTIONS = YES;
				GCC_VERSION = com.apple.compilers.llvm.clang.1_0;
				GCC_WARN_64_TO_32_BIT_CONVERSION = YES;
				GCC_WARN_ABOUT_RETURN_TYPE = YES;
				GCC_WARN_UNINITIALIZED_AUTOS = YES;
				GCC_WARN_UNUSED_VARIABLE = YES;
				MACOSX_DEPLOYMENT_TARGET = 10.7;
				SDKROOT = macosx;
			};
			name = Release;
		};
		AD953CDB15BE661D0090A2C3 /* Debug */ = {
			isa = XCBuildConfiguration;
			buildSettings = {
				GCC_PRECOMPILE_PREFIX_HEADER = YES;
				GCC_PREFIX_HEADER = "First App/First App-Prefix.pch";
				INFOPLIST_FILE = "First App/First App-Info.plist";
				PRODUCT_NAME = "$(TARGET_NAME)";
				WRAPPER_EXTENSION = app;
			};
			name = Debug;
		};
		AD953CDC15BE661D0090A2C3 /* Release */ = {
			isa = XCBuildConfiguration;
			buildSettings = {
				GCC_PRECOMPILE_PREFIX_HEADER = YES;
				GCC_PREFIX_HEADER = "First App/First App-Prefix.pch";
				INFOPLIST_FILE = "First App/First App-Info.plist";
				PRODUCT_NAME = "$(TARGET_NAME)";
				WRAPPER_EXTENSION = app;
			};
			name = Release;
		};
		AD953CDE15BE661D0090A2C3 /* Debug */ = {
			isa = XCBuildConfiguration;
			buildSettings = {
				BUNDLE_LOADER = "$(BUILT_PRODUCTS_DIR)/First App.app/Contents/MacOS/First App";
				FRAMEWORK_SEARCH_PATHS = "$(DEVELOPER_LIBRARY_DIR)/Frameworks";
				GCC_PRECOMPILE_PREFIX_HEADER = YES;
				GCC_PREFIX_HEADER = "First App/First App-Prefix.pch";
				INFOPLIST_FILE = "First AppTests/First AppTests-Info.plist";
				PRODUCT_NAME = "$(TARGET_NAME)";
				TEST_HOST = "$(BUNDLE_LOADER)";
				WRAPPER_EXTENSION = octest;
			};
			name = Debug;
		};
		AD953CDF15BE661D0090A2C3 /* Release */ = {
			isa = XCBuildConfiguration;
			buildSettings = {
				BUNDLE_LOADER = "$(BUILT_PRODUCTS_DIR)/First App.app/Contents/MacOS/First App";
				FRAMEWORK_SEARCH_PATHS = "$(DEVELOPER_LIBRARY_DIR)/Frameworks";
				GCC_PRECOMPILE_PREFIX_HEADER = YES;
				GCC_PREFIX_HEADER = "First App/First App-Prefix.pch";
				INFOPLIST_FILE = "First AppTests/First AppTests-Info.plist";
				PRODUCT_NAME = "$(TARGET_NAME)";
				TEST_HOST = "$(BUNDLE_LOADER)";
				WRAPPER_EXTENSION = octest;
			};
			name = Release;
		};
/* End XCBuildConfiguration section */

/* Begin XCConfigurationList section */
		AD953CA215BE66160090A2C3 /* Build configuration list for PBXProject "First App" */ = {
			isa = XCConfigurationList;
			buildConfigurations = (
				AD953CD815BE661D0090A2C3 /* Debug */,
				AD953CD915BE661D0090A2C3 /* Release */,
			);
			defaultConfigurationIsVisible = 0;
			defaultConfigurationName = Release;
		};
		AD953CDA15BE661D0090A2C3 /* Build configuration list for PBXNativeTarget "First App" */ = {
			isa = XCConfigurationList;
			buildConfigurations = (
				AD953CDB15BE661D0090A2C3 /* Debug */,
				AD953CDC15BE661D0090A2C3 /* Release */,
			);
			defaultConfigurationIsVisible = 0;
		};
		AD953CDD15BE661D0090A2C3 /* Build configuration list for PBXNativeTarget "First AppTests" */ = {
			isa = XCConfigurationList;
			buildConfigurations = (
				AD953CDE15BE661D0090A2C3 /* Debug */,
				AD953CDF15BE661D0090A2C3 /* Release */,
			);
			defaultConfigurationIsVisible = 0;
		};
/* End XCConfigurationList section */
	};
	rootObject = AD953C9F15BE66160090A2C3 /* Project object */;
}
